
Microsoft Visual Studio Solution File, Format Version 12.00
Project("{FAE04EC0-301F-11D3-BF4B-00C04F79EFBC}") = "BulkyBook", "BulkyBook\BulkyBook.csproj", "{5EFD79DE-A6CC-465D-8D5C-1E0E1B35DC44}"
EndProject
Global
	GlobalSection(SolutionConfigurationPlatforms) = preSolution
		Debug|Any CPU = Debug|Any CPU
		Release|Any CPU = Release|Any CPU
	EndGlobalSection
	GlobalSection(ProjectConfigurationPlatforms) = postSolution
		{5EFD79DE-A6CC-465D-8D5C-1E0E1B35DC44}.Debug|Any CPU.ActiveCfg = Debug|Any CPU
		{5EFD79DE-A6CC-465D-8D5C-1E0E1B35DC44}.Debug|Any CPU.Build.0 = Debug|Any CPU
		{5EFD79DE-A6CC-465D-8D5C-1E0E1B35DC44}.Release|Any CPU.ActiveCfg = Release|Any CPU
		{5EFD79DE-A6CC-465D-8D5C-1E0E1B35DC44}.Release|Any CPU.Build.0 = Release|Any CPU
	EndGlobalSection
EndGlobal
